
Microsoft Visual Studio Solution File, Format Version 12.00
# Visual Studio Version 17
VisualStudioVersion = 17.11.35431.28
MinimumVisualStudioVersion = 10.0.40219.1
Project("{9A19103F-16F7-4668-BE54-9A1E7A4F7556}") = "SatelliteWallpaperUpdater", "SatelliteWallpaperUpdater\SatelliteWallpaperUpdater.csproj", "{96238A68-CC98-4E6D-93A8-246ADFF3934D}"
EndProject
Project("{9A19103F-16F7-4668-BE54-9A1E7A4F7556}") = "SatelliteWallpaperUpdater.Models", "SatelliteWallpaperUpdater.Models\SatelliteWallpaperUpdater.Models.csproj", "{A75331C5-FECE-4B9E-8C8A-6FDD12AA394E}"
EndProject
Project("{9A19103F-16F7-4668-BE54-9A1E7A4F7556}") = "SatelliteWallpaperUpdater.Repositories", "SatelliteWallpaperUpdater.Repositories\SatelliteWallpaperUpdater.Repositories.csproj", "{EBB08320-0A0B-44A5-B332-657D04E437CA}"
EndProject
Project("{9A19103F-16F7-4668-BE54-9A1E7A4F7556}") = "SatelliteWallpaperUpdater.Interfaces", "SatelliteWallpaperUpdater.Interfaces\SatelliteWallpaperUpdater.Interfaces.csproj", "{F6DD3F23-1E5B-4292-AC9C-ED1FBB4210CA}"
EndProject
Project("{9A19103F-16F7-4668-BE54-9A1E7A4F7556}") = "SatelliteWallpaperUpdater.Configuration", "SatelliteWallpaperUpdater.Configuration\SatelliteWallpaperUpdater.Configuration.csproj", "{EB20CEAF-89DE-4E12-994A-727DA2F6DBA5}"
EndProject
Project("{2150E333-8FDC-42A3-9474-1A3956D46DE8}") = "Solution Items", "Solution Items", "{721EE852-DB97-41B1-8A44-ABE484AE7B4E}"
	ProjectSection(SolutionItems) = preProject
		.editorconfig = .editorconfig
		.gitignore = .gitignore
	EndProjectSection
EndProject
Project("{2150E333-8FDC-42A3-9474-1A3956D46DE8}") = "published", "published", "{83A073EE-3FF2-469E-A0F5-297DF33CAA2B}"
	ProjectSection(SolutionItems) = preProject
		.gitattributes = .gitattributes
	EndProjectSection
EndProject
Project("{B7DD6F7E-DEF8-4E67-B5B7-07EF123DB6F0}") = "Installer", "Installer\Installer.wixproj", "{DEC9D9B8-7BA6-45FD-9287-847AA5811930}"
EndProject
Global
	GlobalSection(SolutionConfigurationPlatforms) = preSolution
		Debug|Any CPU = Debug|Any CPU
		Debug|ARM64 = Debug|ARM64
		Debug|x64 = Debug|x64
		Debug|x86 = Debug|x86
		Release|Any CPU = Release|Any CPU
		Release|ARM64 = Release|ARM64
		Release|x64 = Release|x64
		Release|x86 = Release|x86
	EndGlobalSection
	GlobalSection(ProjectConfigurationPlatforms) = postSolution
		{96238A68-CC98-4E6D-93A8-246ADFF3934D}.Debug|Any CPU.ActiveCfg = Debug|Any CPU
		{96238A68-CC98-4E6D-93A8-246ADFF3934D}.Debug|Any CPU.Build.0 = Debug|Any CPU
		{96238A68-CC98-4E6D-93A8-246ADFF3934D}.Debug|ARM64.ActiveCfg = Debug|Any CPU
		{96238A68-CC98-4E6D-93A8-246ADFF3934D}.Debug|ARM64.Build.0 = Debug|Any CPU
		{96238A68-CC98-4E6D-93A8-246ADFF3934D}.Debug|x64.ActiveCfg = Debug|Any CPU
		{96238A68-CC98-4E6D-93A8-246ADFF3934D}.Debug|x64.Build.0 = Debug|Any CPU
		{96238A68-CC98-4E6D-93A8-246ADFF3934D}.Debug|x86.ActiveCfg = Debug|Any CPU
		{96238A68-CC98-4E6D-93A8-246ADFF3934D}.Debug|x86.Build.0 = Debug|Any CPU
		{96238A68-CC98-4E6D-93A8-246ADFF3934D}.Release|Any CPU.ActiveCfg = Release|Any CPU
		{96238A68-CC98-4E6D-93A8-246ADFF3934D}.Release|Any CPU.Build.0 = Release|Any CPU
		{96238A68-CC98-4E6D-93A8-246ADFF3934D}.Release|ARM64.ActiveCfg = Release|Any CPU
		{96238A68-CC98-4E6D-93A8-246ADFF3934D}.Release|ARM64.Build.0 = Release|Any CPU
		{96238A68-CC98-4E6D-93A8-246ADFF3934D}.Release|x64.ActiveCfg = Release|Any CPU
		{96238A68-CC98-4E6D-93A8-246ADFF3934D}.Release|x64.Build.0 = Release|Any CPU
		{96238A68-CC98-4E6D-93A8-246ADFF3934D}.Release|x86.ActiveCfg = Release|Any CPU
		{96238A68-CC98-4E6D-93A8-246ADFF3934D}.Release|x86.Build.0 = Release|Any CPU
		{A75331C5-FECE-4B9E-8C8A-6FDD12AA394E}.Debug|Any CPU.ActiveCfg = Debug|Any CPU
		{A75331C5-FECE-4B9E-8C8A-6FDD12AA394E}.Debug|Any CPU.Build.0 = Debug|Any CPU
		{A75331C5-FECE-4B9E-8C8A-6FDD12AA394E}.Debug|ARM64.ActiveCfg = Debug|Any CPU
		{A75331C5-FECE-4B9E-8C8A-6FDD12AA394E}.Debug|ARM64.Build.0 = Debug|Any CPU
		{A75331C5-FECE-4B9E-8C8A-6FDD12AA394E}.Debug|x64.ActiveCfg = Debug|Any CPU
		{A75331C5-FECE-4B9E-8C8A-6FDD12AA394E}.Debug|x64.Build.0 = Debug|Any CPU
		{A75331C5-FECE-4B9E-8C8A-6FDD12AA394E}.Debug|x86.ActiveCfg = Debug|Any CPU
		{A75331C5-FECE-4B9E-8C8A-6FDD12AA394E}.Debug|x86.Build.0 = Debug|Any CPU
		{A75331C5-FECE-4B9E-8C8A-6FDD12AA394E}.Release|Any CPU.ActiveCfg = Release|Any CPU
		{A75331C5-FECE-4B9E-8C8A-6FDD12AA394E}.Release|Any CPU.Build.0 = Release|Any CPU
		{A75331C5-FECE-4B9E-8C8A-6FDD12AA394E}.Release|ARM64.ActiveCfg = Release|Any CPU
		{A75331C5-FECE-4B9E-8C8A-6FDD12AA394E}.Release|ARM64.Build.0 = Release|Any CPU
		{A75331C5-FECE-4B9E-8C8A-6FDD12AA394E}.Release|x64.ActiveCfg = Release|Any CPU
		{A75331C5-FECE-4B9E-8C8A-6FDD12AA394E}.Release|x64.Build.0 = Release|Any CPU
		{A75331C5-FECE-4B9E-8C8A-6FDD12AA394E}.Release|x86.ActiveCfg = Release|Any CPU
		{A75331C5-FECE-4B9E-8C8A-6FDD12AA394E}.Release|x86.Build.0 = Release|Any CPU
		{EBB08320-0A0B-44A5-B332-657D04E437CA}.Debug|Any CPU.ActiveCfg = Debug|Any CPU
		{EBB08320-0A0B-44A5-B332-657D04E437CA}.Debug|Any CPU.Build.0 = Debug|Any CPU
		{EBB08320-0A0B-44A5-B332-657D04E437CA}.Debug|ARM64.ActiveCfg = Debug|Any CPU
		{EBB08320-0A0B-44A5-B332-657D04E437CA}.Debug|ARM64.Build.0 = Debug|Any CPU
		{EBB08320-0A0B-44A5-B332-657D04E437CA}.Debug|x64.ActiveCfg = Debug|Any CPU
		{EBB08320-0A0B-44A5-B332-657D04E437CA}.Debug|x64.Build.0 = Debug|Any CPU
		{EBB08320-0A0B-44A5-B332-657D04E437CA}.Debug|x86.ActiveCfg = Debug|Any CPU
		{EBB08320-0A0B-44A5-B332-657D04E437CA}.Debug|x86.Build.0 = Debug|Any CPU
		{EBB08320-0A0B-44A5-B332-657D04E437CA}.Release|Any CPU.ActiveCfg = Release|Any CPU
		{EBB08320-0A0B-44A5-B332-657D04E437CA}.Release|Any CPU.Build.0 = Release|Any CPU
		{EBB08320-0A0B-44A5-B332-657D04E437CA}.Release|ARM64.ActiveCfg = Release|Any CPU
		{EBB08320-0A0B-44A5-B332-657D04E437CA}.Release|ARM64.Build.0 = Release|Any CPU
		{EBB08320-0A0B-44A5-B332-657D04E437CA}.Release|x64.ActiveCfg = Release|Any CPU
		{EBB08320-0A0B-44A5-B332-657D04E437CA}.Release|x64.Build.0 = Release|Any CPU
		{EBB08320-0A0B-44A5-B332-657D04E437CA}.Release|x86.ActiveCfg = Release|Any CPU
		{EBB08320-0A0B-44A5-B332-657D04E437CA}.Release|x86.Build.0 = Release|Any CPU
		{F6DD3F23-1E5B-4292-AC9C-ED1FBB4210CA}.Debug|Any CPU.ActiveCfg = Debug|Any CPU
		{F6DD3F23-1E5B-4292-AC9C-ED1FBB4210CA}.Debug|Any CPU.Build.0 = Debug|Any CPU
		{F6DD3F23-1E5B-4292-AC9C-ED1FBB4210CA}.Debug|ARM64.ActiveCfg = Debug|Any CPU
		{F6DD3F23-1E5B-4292-AC9C-ED1FBB4210CA}.Debug|ARM64.Build.0 = Debug|Any CPU
		{F6DD3F23-1E5B-4292-AC9C-ED1FBB4210CA}.Debug|x64.ActiveCfg = Debug|Any CPU
		{F6DD3F23-1E5B-4292-AC9C-ED1FBB4210CA}.Debug|x64.Build.0 = Debug|Any CPU
		{F6DD3F23-1E5B-4292-AC9C-ED1FBB4210CA}.Debug|x86.ActiveCfg = Debug|Any CPU
		{F6DD3F23-1E5B-4292-AC9C-ED1FBB4210CA}.Debug|x86.Build.0 = Debug|Any CPU
		{F6DD3F23-1E5B-4292-AC9C-ED1FBB4210CA}.Release|Any CPU.ActiveCfg = Release|Any CPU
		{F6DD3F23-1E5B-4292-AC9C-ED1FBB4210CA}.Release|Any CPU.Build.0 = Release|Any CPU
		{F6DD3F23-1E5B-4292-AC9C-ED1FBB4210CA}.Release|ARM64.ActiveCfg = Release|Any CPU
		{F6DD3F23-1E5B-4292-AC9C-ED1FBB4210CA}.Release|ARM64.Build.0 = Release|Any CPU
		{F6DD3F23-1E5B-4292-AC9C-ED1FBB4210CA}.Release|x64.ActiveCfg = Release|Any CPU
		{F6DD3F23-1E5B-4292-AC9C-ED1FBB4210CA}.Release|x64.Build.0 = Release|Any CPU
		{F6DD3F23-1E5B-4292-AC9C-ED1FBB4210CA}.Release|x86.ActiveCfg = Release|Any CPU
		{F6DD3F23-1E5B-4292-AC9C-ED1FBB4210CA}.Release|x86.Build.0 = Release|Any CPU
		{EB20CEAF-89DE-4E12-994A-727DA2F6DBA5}.Debug|Any CPU.ActiveCfg = Debug|Any CPU
		{EB20CEAF-89DE-4E12-994A-727DA2F6DBA5}.Debug|Any CPU.Build.0 = Debug|Any CPU
		{EB20CEAF-89DE-4E12-994A-727DA2F6DBA5}.Debug|ARM64.ActiveCfg = Debug|Any CPU
		{EB20CEAF-89DE-4E12-994A-727DA2F6DBA5}.Debug|ARM64.Build.0 = Debug|Any CPU
		{EB20CEAF-89DE-4E12-994A-727DA2F6DBA5}.Debug|x64.ActiveCfg = Debug|Any CPU
		{EB20CEAF-89DE-4E12-994A-727DA2F6DBA5}.Debug|x64.Build.0 = Debug|Any CPU
		{EB20CEAF-89DE-4E12-994A-727DA2F6DBA5}.Debug|x86.ActiveCfg = Debug|Any CPU
		{EB20CEAF-89DE-4E12-994A-727DA2F6DBA5}.Debug|x86.Build.0 = Debug|Any CPU
		{EB20CEAF-89DE-4E12-994A-727DA2F6DBA5}.Release|Any CPU.ActiveCfg = Release|Any CPU
		{EB20CEAF-89DE-4E12-994A-727DA2F6DBA5}.Release|Any CPU.Build.0 = Release|Any CPU
		{EB20CEAF-89DE-4E12-994A-727DA2F6DBA5}.Release|ARM64.ActiveCfg = Release|Any CPU
		{EB20CEAF-89DE-4E12-994A-727DA2F6DBA5}.Release|ARM64.Build.0 = Release|Any CPU
		{EB20CEAF-89DE-4E12-994A-727DA2F6DBA5}.Release|x64.ActiveCfg = Release|Any CPU
		{EB20CEAF-89DE-4E12-994A-727DA2F6DBA5}.Release|x64.Build.0 = Release|Any CPU
		{EB20CEAF-89DE-4E12-994A-727DA2F6DBA5}.Release|x86.ActiveCfg = Release|Any CPU
		{EB20CEAF-89DE-4E12-994A-727DA2F6DBA5}.Release|x86.Build.0 = Release|Any CPU
		{DEC9D9B8-7BA6-45FD-9287-847AA5811930}.Debug|Any CPU.ActiveCfg = Debug|x64
		{DEC9D9B8-7BA6-45FD-9287-847AA5811930}.Debug|Any CPU.Build.0 = Debug|x64
		{DEC9D9B8-7BA6-45FD-9287-847AA5811930}.Debug|ARM64.ActiveCfg = Debug|ARM64
		{DEC9D9B8-7BA6-45FD-9287-847AA5811930}.Debug|ARM64.Build.0 = Debug|ARM64
		{DEC9D9B8-7BA6-45FD-9287-847AA5811930}.Debug|x64.ActiveCfg = Debug|x64
		{DEC9D9B8-7BA6-45FD-9287-847AA5811930}.Debug|x64.Build.0 = Debug|x64
		{DEC9D9B8-7BA6-45FD-9287-847AA5811930}.Debug|x86.ActiveCfg = Debug|x86
		{DEC9D9B8-7BA6-45FD-9287-847AA5811930}.Debug|x86.Build.0 = Debug|x86
		{DEC9D9B8-7BA6-45FD-9287-847AA5811930}.Release|Any CPU.ActiveCfg = Release|x64
		{DEC9D9B8-7BA6-45FD-9287-847AA5811930}.Release|Any CPU.Build.0 = Release|x64
		{DEC9D9B8-7BA6-45FD-9287-847AA5811930}.Release|ARM64.ActiveCfg = Release|ARM64
		{DEC9D9B8-7BA6-45FD-9287-847AA5811930}.Release|ARM64.Build.0 = Release|ARM64
		{DEC9D9B8-7BA6-45FD-9287-847AA5811930}.Release|x64.ActiveCfg = Release|x64
		{DEC9D9B8-7BA6-45FD-9287-847AA5811930}.Release|x64.Build.0 = Release|x64
		{DEC9D9B8-7BA6-45FD-9287-847AA5811930}.Release|x86.ActiveCfg = Release|x86
		{DEC9D9B8-7BA6-45FD-9287-847AA5811930}.Release|x86.Build.0 = Release|x86
	EndGlobalSection
	GlobalSection(SolutionProperties) = preSolution
		HideSolutionNode = FALSE
	EndGlobalSection
	GlobalSection(NestedProjects) = preSolution
		{83A073EE-3FF2-469E-A0F5-297DF33CAA2B} = {721EE852-DB97-41B1-8A44-ABE484AE7B4E}
	EndGlobalSection
	GlobalSection(ExtensibilityGlobals) = postSolution
		SolutionGuid = {72F347D8-96AA-46EF-B0D0-B4650E1D4780}
	EndGlobalSection
EndGlobal
